github.com/ibiscum/Go-Design-Patterns/Chapter01/libraries/arithmetic v0.0.0-20240304234054-0bc36e44448e h1:ElUM0kEzx6PsGeubnttkouSUxJV2TLLIurJDcIZjD1g=
github.com/ibiscum/Go-Design-Patterns/Chapter01/libraries/arithmetic v0.0.0-20240304234054-0bc36e44448e/go.mod h1:3HrXgDGeW4v9u3nhOogUXnsDEao2D/nXAek5ABgtJSc=
